<?xml version="1.0" encoding="utf-8"?>
<Project ToolsVersion="4.0" xmlns="http://schemas.microsoft.com/developer/msbuild/2003">
  <ItemGroup>
    <Filter Include="math">
      <UniqueIdentifier>{1000b0e2-6a80-4255-aee1-5167319d3996}</UniqueIdentifier>
    </Filter>
    <Filter Include="shaders">
      <UniqueIdentifier>{4164f97e-4568-4591-a72d-ff339f64cc99}</UniqueIdentifier>
    </Filter>
    <Filter Include="object">
      <UniqueIdentifier>{92f90282-f463-4911-a6ec-c916c1e5ae64}</UniqueIdentifier>
    </Filter>
    <Filter Include="core">
      <UniqueIdentifier>{d6bb0798-817c-413b-959c-8b3f857dd770}</UniqueIdentifier>
    </Filter>
    <Filter Include="IBR">
      <UniqueIdentifier>{b2eea2bc-b689-4e31-9f90-42f5470bbd46}</UniqueIdentifier>
    </Filter>
  </ItemGroup>
  <ItemGroup>
    <ClInclude Include="math\rotatingcalipers.h">
      <Filter>math</Filter>
    </ClInclude>
    <ClInclude Include="math\randseed.h">
      <Filter>math</Filter>
    </ClInclude>
    <ClInclude Include="math\spherepointsampling.h">
      <Filter>math</Filter>
    </ClInclude>
    <ClInclude Include="object\floor.h">
      <Filter>object</Filter>
    </ClInclude>
    <ClInclude Include="object\skybox.h">
      <Filter>object</Filter>
    </ClInclude>
    <ClInclude Include="object\object.h">
      <Filter>object</Filter>
    </ClInclude>
    <ClInclude Include="math\linearalgebra.h">
      <Filter>math</Filter>
    </ClInclude>
    <ClInclude Include="object\quad.h">
      <Filter>object</Filter>
    </ClInclude>
    <ClInclude Include="object\text.h">
      <Filter>object</Filter>
    </ClInclude>
    <ClInclude Include="core\camera.h">
      <Filter>core</Filter>
    </ClInclude>
    <ClInclude Include="core\debug.h">
      <Filter>core</Filter>
    </ClInclude>
    <ClInclude Include="core\glfw.h">
      <Filter>core</Filter>
    </ClInclude>
    <ClInclude Include="core\mesh.h">
      <Filter>core</Filter>
    </ClInclude>
    <ClInclude Include="core\model.h">
      <Filter>core</Filter>
    </ClInclude>
    <ClInclude Include="core\shader.h">
      <Filter>core</Filter>
    </ClInclude>
    <ClInclude Include="core\texture.h">
      <Filter>core</Filter>
    </ClInclude>
    <ClInclude Include="core\viewer.h">
      <Filter>core</Filter>
    </ClInclude>
    <ClInclude Include="IBR\billboard.h">
      <Filter>IBR</Filter>
    </ClInclude>
    <ClInclude Include="IBR\billboardclouds.h">
      <Filter>IBR</Filter>
    </ClInclude>
    <ClInclude Include="IBR\bin.h">
      <Filter>IBR</Filter>
    </ClInclude>
    <ClInclude Include="IBR\boundingsphere.h">
      <Filter>IBR</Filter>
    </ClInclude>
    <ClInclude Include="IBR\cluster.h">
      <Filter>IBR</Filter>
    </ClInclude>
    <ClInclude Include="IBR\discretization.h">
      <Filter>IBR</Filter>
    </ClInclude>
    <ClInclude Include="IBR\imposter.h">
      <Filter>IBR</Filter>
    </ClInclude>
    <ClInclude Include="IBR\plane.h">
      <Filter>IBR</Filter>
    </ClInclude>
    <ClInclude Include="IBR\rectangle.h">
      <Filter>IBR</Filter>
    </ClInclude>
    <ClInclude Include="IBR\triangle.h">
      <Filter>IBR</Filter>
    </ClInclude>
    <ClInclude Include="core\config.h">
      <Filter>core</Filter>
    </ClInclude>
  </ItemGroup>
  <ItemGroup>
    <ClCompile Include="main.cpp" />
    <ClCompile Include="glad.c" />
  </ItemGroup>
  <ItemGroup>
    <None Include="shaders\camera.fs">
      <Filter>shaders</Filter>
    </None>
    <None Include="shaders\camera.vs">
      <Filter>shaders</Filter>
    </None>
    <None Include="shaders\floor.fs">
      <Filter>shaders</Filter>
    </None>
    <None Include="shaders\floor.vs">
      <Filter>shaders</Filter>
    </None>
    <None Include="shaders\imposterRender.fs">
      <Filter>shaders</Filter>
    </None>
    <None Include="shaders\imposterRender.vs">
      <Filter>shaders</Filter>
    </None>
    <None Include="shaders\imposterTextureGen.fs">
      <Filter>shaders</Filter>
    </None>
    <None Include="shaders\imposterTextureGen.vs">
      <Filter>shaders</Filter>
    </None>
    <None Include="shaders\skybox.fs">
      <Filter>shaders</Filter>
    </None>
    <None Include="shaders\skybox.vs">
      <Filter>shaders</Filter>
    </None>
    <None Include="shaders\bbRender.fs">
      <Filter>shaders</Filter>
    </None>
    <None Include="shaders\bbRender.vs">
      <Filter>shaders</Filter>
    </None>
    <None Include="shaders\bbTextureGen.fs">
      <Filter>shaders</Filter>
    </None>
    <None Include="shaders\bbTextureGen.vs">
      <Filter>shaders</Filter>
    </None>
    <None Include="shaders\tree1.fs">
      <Filter>shaders</Filter>
    </None>
    <None Include="shaders\tree1.vs">
      <Filter>shaders</Filter>
    </None>
    <None Include="shaders\nanosuit.fs">
      <Filter>shaders</Filter>
    </None>
    <None Include="shaders\nanosuit.vs">
      <Filter>shaders</Filter>
    </None>
    <None Include="shaders\text.fs">
      <Filter>shaders</Filter>
    </None>
    <None Include="shaders\text.vs">
      <Filter>shaders</Filter>
    </None>
  </ItemGroup>
</Project>